
Microsoft Visual Studio Solution File, Format Version 12.00
# Visual Studio Version 16
VisualStudioVersion = 16.0.30225.117
MinimumVisualStudioVersion = 10.0.40219.1
Project("{9A19103F-16F7-4668-BE54-9A1E7A4F7556}") = "YSKProje.Entities", "YSKProje.Entities\YSKProje.Entities.csproj", "{2B6F75F4-7561-4A11-9619-76D7980182FD}"
EndProject
Project("{9A19103F-16F7-4668-BE54-9A1E7A4F7556}") = "YSKProje.DataAccess", "YSKProje.DataAccess\YSKProje.DataAccess.csproj", "{5CCD2C08-41D4-4C92-AD08-9B41B49A879E}"
EndProject
Project("{9A19103F-16F7-4668-BE54-9A1E7A4F7556}") = "YSKProje.Business", "YSKProje.Business\YSKProje.Business.csproj", "{7FAA2195-7F7A-41A5-9E15-726629C18420}"
EndProject
Project("{9A19103F-16F7-4668-BE54-9A1E7A4F7556}") = "YSKProje.API", "YSKProje.API\YSKProje.API.csproj", "{8665AE18-824E-4830-8AA6-31CA54DC1D84}"
EndProject
Project("{9A19103F-16F7-4668-BE54-9A1E7A4F7556}") = "YSKProje.DTO", "YSKProje.DTO\YSKProje.DTO.csproj", "{87CD8CD7-C567-47DB-BD74-8F6596BD230E}"
EndProject
Project("{FAE04EC0-301F-11D3-BF4B-00C04F79EFBC}") = "YSKProje.WEB", "YSKProje.WEB\YSKProje.WEB.csproj", "{28CCA957-F108-4482-9C33-36BB512BFD71}"
EndProject
Global
	GlobalSection(SolutionConfigurationPlatforms) = preSolution
		Debug|Any CPU = Debug|Any CPU
		Release|Any CPU = Release|Any CPU
	EndGlobalSection
	GlobalSection(ProjectConfigurationPlatforms) = postSolution
		{2B6F75F4-7561-4A11-9619-76D7980182FD}.Debug|Any CPU.ActiveCfg = Debug|Any CPU
		{2B6F75F4-7561-4A11-9619-76D7980182FD}.Debug|Any CPU.Build.0 = Debug|Any CPU
		{2B6F75F4-7561-4A11-9619-76D7980182FD}.Release|Any CPU.ActiveCfg = Release|Any CPU
		{2B6F75F4-7561-4A11-9619-76D7980182FD}.Release|Any CPU.Build.0 = Release|Any CPU
		{5CCD2C08-41D4-4C92-AD08-9B41B49A879E}.Debug|Any CPU.ActiveCfg = Debug|Any CPU
		{5CCD2C08-41D4-4C92-AD08-9B41B49A879E}.Debug|Any CPU.Build.0 = Debug|Any CPU
		{5CCD2C08-41D4-4C92-AD08-9B41B49A879E}.Release|Any CPU.ActiveCfg = Release|Any CPU
		{5CCD2C08-41D4-4C92-AD08-9B41B49A879E}.Release|Any CPU.Build.0 = Release|Any CPU
		{7FAA2195-7F7A-41A5-9E15-726629C18420}.Debug|Any CPU.ActiveCfg = Debug|Any CPU
		{7FAA2195-7F7A-41A5-9E15-726629C18420}.Debug|Any CPU.Build.0 = Debug|Any CPU
		{7FAA2195-7F7A-41A5-9E15-726629C18420}.Release|Any CPU.ActiveCfg = Release|Any CPU
		{7FAA2195-7F7A-41A5-9E15-726629C18420}.Release|Any CPU.Build.0 = Release|Any CPU
		{8665AE18-824E-4830-8AA6-31CA54DC1D84}.Debug|Any CPU.ActiveCfg = Debug|Any CPU
		{8665AE18-824E-4830-8AA6-31CA54DC1D84}.Debug|Any CPU.Build.0 = Debug|Any CPU
		{8665AE18-824E-4830-8AA6-31CA54DC1D84}.Release|Any CPU.ActiveCfg = Release|Any CPU
		{8665AE18-824E-4830-8AA6-31CA54DC1D84}.Release|Any CPU.Build.0 = Release|Any CPU
		{87CD8CD7-C567-47DB-BD74-8F6596BD230E}.Debug|Any CPU.ActiveCfg = Debug|Any CPU
		{87CD8CD7-C567-47DB-BD74-8F6596BD230E}.Debug|Any CPU.Build.0 = Debug|Any CPU
		{87CD8CD7-C567-47DB-BD74-8F6596BD230E}.Release|Any CPU.ActiveCfg = Release|Any CPU
		{87CD8CD7-C567-47DB-BD74-8F6596BD230E}.Release|Any CPU.Build.0 = Release|Any CPU
		{28CCA957-F108-4482-9C33-36BB512BFD71}.Debug|Any CPU.ActiveCfg = Debug|Any CPU
		{28CCA957-F108-4482-9C33-36BB512BFD71}.Debug|Any CPU.Build.0 = Debug|Any CPU
		{28CCA957-F108-4482-9C33-36BB512BFD71}.Release|Any CPU.ActiveCfg = Release|Any CPU
		{28CCA957-F108-4482-9C33-36BB512BFD71}.Release|Any CPU.Build.0 = Release|Any CPU
	EndGlobalSection
	GlobalSection(SolutionProperties) = preSolution
		HideSolutionNode = FALSE
	EndGlobalSection
	GlobalSection(ExtensibilityGlobals) = postSolution
		SolutionGuid = {A8C9FEE7-E832-4CE9-B807-EBFB5FB7F89A}
	EndGlobalSection
EndGlobal
